
Microsoft Visual Studio Solution File, Format Version 12.00
# Visual Studio 14
VisualStudioVersion = 14.0.25420.1
MinimumVisualStudioVersion = 10.0.40219.1
Project("{FAE04EC0-301F-11D3-BF4B-00C04F79EFBC}") = "TSFramework.Plugable", "TSFramework.Plugable\TSFramework.Plugable.csproj", "{72873826-1ECF-4204-BA56-C3842399BB54}"
EndProject
Project("{FAE04EC0-301F-11D3-BF4B-00C04F79EFBC}") = "TSFramework.Core", "TSFramework.Core\TSFramework.Core.csproj", "{04290B90-CB09-4C09-8F26-1BE6728ED3F7}"
EndProject
Project("{FAE04EC0-301F-11D3-BF4B-00C04F79EFBC}") = "TSFramework.App", "TSFramework.App\TSFramework.App.csproj", "{0577F056-6B2C-4CDA-B85B-4E47AA37DDB4}"
EndProject
Project("{FAE04EC0-301F-11D3-BF4B-00C04F79EFBC}") = "Plugable.SQLStoreProcedure", "Plugable.SQLStoreProcedure\Plugable.SQLStoreProcedure.csproj", "{4CC405EC-71DF-44CC-9C6E-991F51CDDBAF}"
EndProject
Project("{FAE04EC0-301F-11D3-BF4B-00C04F79EFBC}") = "Plugable.SQLProcedureAuthority", "Plugable.SQLProcedureAuthority\Plugable.SQLProcedureAuthority.csproj", "{74276BB8-A525-4440-B76B-8D7BAF01DD41}"
EndProject
Project("{FAE04EC0-301F-11D3-BF4B-00C04F79EFBC}") = "CenIT.ReportTourism.AppMembership", "CenIT.ReportTourism.AppMembership\CenIT.ReportTourism.AppMembership.csproj", "{CF5B0DC2-371B-4373-A315-FC976DB86C8C}"
EndProject
Project("{FAE04EC0-301F-11D3-BF4B-00C04F79EFBC}") = "CenIT.ReportTourism.Biz", "CenIT.ReportTourism.Biz\CenIT.ReportTourism.Biz.csproj", "{9717A466-E0FA-4093-9E25-A3199F33C2BA}"
EndProject
Project("{FAE04EC0-301F-11D3-BF4B-00C04F79EFBC}") = "CenIT.ReportTourism.Models", "CenIT.ReportTourism.Models\CenIT.ReportTourism.Models.csproj", "{83FE85EF-EB13-4D47-9663-EC6C76641CE6}"
EndProject
Project("{FAE04EC0-301F-11D3-BF4B-00C04F79EFBC}") = "CenIT.ReportTourism.Caches", "CenIT.ReportTourism.Caches\CenIT.ReportTourism.Caches.csproj", "{44F493FC-AF88-45BB-A5C0-1E23EA5B6C8A}"
EndProject
Project("{FAE04EC0-301F-11D3-BF4B-00C04F79EFBC}") = "CenIT.ReportTourism.Core", "CenIT.ReportTourism.Core\CenIT.ReportTourism.Core.csproj", "{FE2264AD-CA4B-42D3-9872-EB96C748A742}"
EndProject
Project("{FAE04EC0-301F-11D3-BF4B-00C04F79EFBC}") = "CenIT.ReportTourism.WebApp", "CenIT.ReportTourism.WebApp\CenIT.ReportTourism.WebApp.csproj", "{707FC656-EB03-4905-98B6-44E4CA554736}"
EndProject
Project("{2150E333-8FDC-42A3-9474-1A3956D46DE8}") = "TSFrameworks", "TSFrameworks", "{D627A65F-A75C-4278-ACA6-BF6A4405A54C}"
EndProject
Project("{2150E333-8FDC-42A3-9474-1A3956D46DE8}") = "Plugables", "Plugables", "{58331D59-B069-4920-A078-D6C5375702C5}"
EndProject
Project("{2150E333-8FDC-42A3-9474-1A3956D46DE8}") = "Modules", "Modules", "{E5A14798-FE93-4508-BEE7-2BE6869927A2}"
EndProject
Project("{2150E333-8FDC-42A3-9474-1A3956D46DE8}") = "Memberships", "Memberships", "{2E41FEAF-20F0-40F6-B9E2-3815E998EF88}"
EndProject
Project("{2150E333-8FDC-42A3-9474-1A3956D46DE8}") = "Cores", "Cores", "{FBFEDA64-234D-40B8-9353-6BF06128E5DB}"
EndProject
Project("{2150E333-8FDC-42A3-9474-1A3956D46DE8}") = "Jobs", "Jobs", "{04DB59D6-E7C3-4F3B-85E0-D1521006ADF8}"
EndProject
Project("{FAE04EC0-301F-11D3-BF4B-00C04F79EFBC}") = "CenIT.ReportTourism.Jobs.RefreshSite", "CenIT.ReportTourism.Jobs.RefreshSite\CenIT.ReportTourism.Jobs.RefreshSite.csproj", "{E7E253DF-B125-41FE-9348-B9060792F5F7}"
EndProject
Project("{FAE04EC0-301F-11D3-BF4B-00C04F79EFBC}") = "CenIT.ReportTourism.Jobs.NotifyEnterprise", "CenIT.ReportTourism.Jobs.NotifyEnterprise\CenIT.ReportTourism.Jobs.NotifyEnterprise.csproj", "{49C42605-DBF9-4E45-B8F3-56178D308651}"
EndProject
Project("{2150E333-8FDC-42A3-9474-1A3956D46DE8}") = "Reports", "Reports", "{FDF580EF-1682-459D-8F05-BEA9C2652E2E}"
EndProject
Project("{FAE04EC0-301F-11D3-BF4B-00C04F79EFBC}") = "CenIT.ReportTourism.Reports.UocKetQuaHoatDongKinhDoanh", "CenIT.ReportTourism.Reports.UocKetQuaHoatDongKinhDoanh\CenIT.ReportTourism.Reports.UocKetQuaHoatDongKinhDoanh.csproj", "{C8C02151-051A-49E7-830F-DF5A8F2EDBDE}"
EndProject
Project("{FAE04EC0-301F-11D3-BF4B-00C04F79EFBC}") = "CenIT.ReportTourism.Reports.ThongKeQuocTichKhachDuLich", "CenIT.ReportTourism.Reports.ThongKeQuocTichKhachDuLich\CenIT.ReportTourism.Reports.ThongKeQuocTichKhachDuLich.csproj", "{FDD53399-3C99-4681-A388-45B84C0F6959}"
EndProject
Project("{2150E333-8FDC-42A3-9474-1A3956D46DE8}") = "Libs", "Libs", "{762D4860-6D75-49D1-9397-6615A8F55603}"
EndProject
Project("{FAE04EC0-301F-11D3-BF4B-00C04F79EFBC}") = "CenIT.Libs.VNPTSmartCA", "CenIT.Libs.VNPTSmartCA\CenIT.Libs.VNPTSmartCA.csproj", "{2BEFDA80-7083-4A2A-8092-6F7AE38A5675}"
EndProject
Project("{FAE04EC0-301F-11D3-BF4B-00C04F79EFBC}") = "CenIT.ReportTourism.Modules.CateModule", "CenIT.ReportTourism.Modules.CateModule\CenIT.ReportTourism.Modules.CateModule.csproj", "{E9E914CB-2939-44F9-B43C-2F0F03D17D0E}"
EndProject
Project("{FAE04EC0-301F-11D3-BF4B-00C04F79EFBC}") = "CenIT.ReportTourism.Modules.SysModule", "CenIT.ReportTourism.Modules.SysModule\CenIT.ReportTourism.Modules.SysModule.csproj", "{A50A69A0-BBB6-4CE3-B524-C8934E97E7E1}"
EndProject
Project("{FAE04EC0-301F-11D3-BF4B-00C04F79EFBC}") = "CenIT.ReportTourism.Modules.ReportModule", "CenIT.ReportTourism.Modules.ReportModule\CenIT.ReportTourism.Modules.ReportModule.csproj", "{214167F9-AD82-45A1-8B6C-8A4446DFA039}"
EndProject
Global
	GlobalSection(SolutionConfigurationPlatforms) = preSolution
		Debug|Any CPU = Debug|Any CPU
		Release|Any CPU = Release|Any CPU
	EndGlobalSection
	GlobalSection(ProjectConfigurationPlatforms) = postSolution
		{72873826-1ECF-4204-BA56-C3842399BB54}.Debug|Any CPU.ActiveCfg = Debug|Any CPU
		{72873826-1ECF-4204-BA56-C3842399BB54}.Debug|Any CPU.Build.0 = Debug|Any CPU
		{72873826-1ECF-4204-BA56-C3842399BB54}.Release|Any CPU.ActiveCfg = Release|Any CPU
		{72873826-1ECF-4204-BA56-C3842399BB54}.Release|Any CPU.Build.0 = Release|Any CPU
		{04290B90-CB09-4C09-8F26-1BE6728ED3F7}.Debug|Any CPU.ActiveCfg = Debug|Any CPU
		{04290B90-CB09-4C09-8F26-1BE6728ED3F7}.Debug|Any CPU.Build.0 = Debug|Any CPU
		{04290B90-CB09-4C09-8F26-1BE6728ED3F7}.Release|Any CPU.ActiveCfg = Release|Any CPU
		{04290B90-CB09-4C09-8F26-1BE6728ED3F7}.Release|Any CPU.Build.0 = Release|Any CPU
		{0577F056-6B2C-4CDA-B85B-4E47AA37DDB4}.Debug|Any CPU.ActiveCfg = Debug|Any CPU
		{0577F056-6B2C-4CDA-B85B-4E47AA37DDB4}.Debug|Any CPU.Build.0 = Debug|Any CPU
		{0577F056-6B2C-4CDA-B85B-4E47AA37DDB4}.Release|Any CPU.ActiveCfg = Release|Any CPU
		{0577F056-6B2C-4CDA-B85B-4E47AA37DDB4}.Release|Any CPU.Build.0 = Release|Any CPU
		{4CC405EC-71DF-44CC-9C6E-991F51CDDBAF}.Debug|Any CPU.ActiveCfg = Debug|Any CPU
		{4CC405EC-71DF-44CC-9C6E-991F51CDDBAF}.Debug|Any CPU.Build.0 = Debug|Any CPU
		{4CC405EC-71DF-44CC-9C6E-991F51CDDBAF}.Release|Any CPU.ActiveCfg = Release|Any CPU
		{4CC405EC-71DF-44CC-9C6E-991F51CDDBAF}.Release|Any CPU.Build.0 = Release|Any CPU
		{74276BB8-A525-4440-B76B-8D7BAF01DD41}.Debug|Any CPU.ActiveCfg = Debug|Any CPU
		{74276BB8-A525-4440-B76B-8D7BAF01DD41}.Debug|Any CPU.Build.0 = Debug|Any CPU
		{74276BB8-A525-4440-B76B-8D7BAF01DD41}.Release|Any CPU.ActiveCfg = Release|Any CPU
		{74276BB8-A525-4440-B76B-8D7BAF01DD41}.Release|Any CPU.Build.0 = Release|Any CPU
		{CF5B0DC2-371B-4373-A315-FC976DB86C8C}.Debug|Any CPU.ActiveCfg = Debug|Any CPU
		{CF5B0DC2-371B-4373-A315-FC976DB86C8C}.Debug|Any CPU.Build.0 = Debug|Any CPU
		{CF5B0DC2-371B-4373-A315-FC976DB86C8C}.Release|Any CPU.ActiveCfg = Release|Any CPU
		{CF5B0DC2-371B-4373-A315-FC976DB86C8C}.Release|Any CPU.Build.0 = Release|Any CPU
		{9717A466-E0FA-4093-9E25-A3199F33C2BA}.Debug|Any CPU.ActiveCfg = Debug|Any CPU
		{9717A466-E0FA-4093-9E25-A3199F33C2BA}.Debug|Any CPU.Build.0 = Debug|Any CPU
		{9717A466-E0FA-4093-9E25-A3199F33C2BA}.Release|Any CPU.ActiveCfg = Release|Any CPU
		{9717A466-E0FA-4093-9E25-A3199F33C2BA}.Release|Any CPU.Build.0 = Release|Any CPU
		{83FE85EF-EB13-4D47-9663-EC6C76641CE6}.Debug|Any CPU.ActiveCfg = Debug|Any CPU
		{83FE85EF-EB13-4D47-9663-EC6C76641CE6}.Debug|Any CPU.Build.0 = Debug|Any CPU
		{83FE85EF-EB13-4D47-9663-EC6C76641CE6}.Release|Any CPU.ActiveCfg = Release|Any CPU
		{83FE85EF-EB13-4D47-9663-EC6C76641CE6}.Release|Any CPU.Build.0 = Release|Any CPU
		{44F493FC-AF88-45BB-A5C0-1E23EA5B6C8A}.Debug|Any CPU.ActiveCfg = Debug|Any CPU
		{44F493FC-AF88-45BB-A5C0-1E23EA5B6C8A}.Debug|Any CPU.Build.0 = Debug|Any CPU
		{44F493FC-AF88-45BB-A5C0-1E23EA5B6C8A}.Release|Any CPU.ActiveCfg = Release|Any CPU
		{44F493FC-AF88-45BB-A5C0-1E23EA5B6C8A}.Release|Any CPU.Build.0 = Release|Any CPU
		{FE2264AD-CA4B-42D3-9872-EB96C748A742}.Debug|Any CPU.ActiveCfg = Debug|Any CPU
		{FE2264AD-CA4B-42D3-9872-EB96C748A742}.Debug|Any CPU.Build.0 = Debug|Any CPU
		{FE2264AD-CA4B-42D3-9872-EB96C748A742}.Release|Any CPU.ActiveCfg = Release|Any CPU
		{FE2264AD-CA4B-42D3-9872-EB96C748A742}.Release|Any CPU.Build.0 = Release|Any CPU
		{707FC656-EB03-4905-98B6-44E4CA554736}.Debug|Any CPU.ActiveCfg = Debug|Any CPU
		{707FC656-EB03-4905-98B6-44E4CA554736}.Debug|Any CPU.Build.0 = Debug|Any CPU
		{707FC656-EB03-4905-98B6-44E4CA554736}.Release|Any CPU.ActiveCfg = Release|Any CPU
		{707FC656-EB03-4905-98B6-44E4CA554736}.Release|Any CPU.Build.0 = Release|Any CPU
		{E7E253DF-B125-41FE-9348-B9060792F5F7}.Debug|Any CPU.ActiveCfg = Debug|Any CPU
		{E7E253DF-B125-41FE-9348-B9060792F5F7}.Debug|Any CPU.Build.0 = Debug|Any CPU
		{E7E253DF-B125-41FE-9348-B9060792F5F7}.Release|Any CPU.ActiveCfg = Release|Any CPU
		{E7E253DF-B125-41FE-9348-B9060792F5F7}.Release|Any CPU.Build.0 = Release|Any CPU
		{49C42605-DBF9-4E45-B8F3-56178D308651}.Debug|Any CPU.ActiveCfg = Debug|Any CPU
		{49C42605-DBF9-4E45-B8F3-56178D308651}.Debug|Any CPU.Build.0 = Debug|Any CPU
		{49C42605-DBF9-4E45-B8F3-56178D308651}.Release|Any CPU.ActiveCfg = Release|Any CPU
		{49C42605-DBF9-4E45-B8F3-56178D308651}.Release|Any CPU.Build.0 = Release|Any CPU
		{C8C02151-051A-49E7-830F-DF5A8F2EDBDE}.Debug|Any CPU.ActiveCfg = Debug|Any CPU
		{C8C02151-051A-49E7-830F-DF5A8F2EDBDE}.Debug|Any CPU.Build.0 = Debug|Any CPU
		{C8C02151-051A-49E7-830F-DF5A8F2EDBDE}.Release|Any CPU.ActiveCfg = Release|Any CPU
		{C8C02151-051A-49E7-830F-DF5A8F2EDBDE}.Release|Any CPU.Build.0 = Release|Any CPU
		{FDD53399-3C99-4681-A388-45B84C0F6959}.Debug|Any CPU.ActiveCfg = Debug|Any CPU
		{FDD53399-3C99-4681-A388-45B84C0F6959}.Debug|Any CPU.Build.0 = Debug|Any CPU
		{FDD53399-3C99-4681-A388-45B84C0F6959}.Release|Any CPU.ActiveCfg = Release|Any CPU
		{FDD53399-3C99-4681-A388-45B84C0F6959}.Release|Any CPU.Build.0 = Release|Any CPU
		{2BEFDA80-7083-4A2A-8092-6F7AE38A5675}.Debug|Any CPU.ActiveCfg = Debug|Any CPU
		{2BEFDA80-7083-4A2A-8092-6F7AE38A5675}.Debug|Any CPU.Build.0 = Debug|Any CPU
		{2BEFDA80-7083-4A2A-8092-6F7AE38A5675}.Release|Any CPU.ActiveCfg = Release|Any CPU
		{2BEFDA80-7083-4A2A-8092-6F7AE38A5675}.Release|Any CPU.Build.0 = Release|Any CPU
		{E9E914CB-2939-44F9-B43C-2F0F03D17D0E}.Debug|Any CPU.ActiveCfg = Debug|Any CPU
		{E9E914CB-2939-44F9-B43C-2F0F03D17D0E}.Debug|Any CPU.Build.0 = Debug|Any CPU
		{E9E914CB-2939-44F9-B43C-2F0F03D17D0E}.Release|Any CPU.ActiveCfg = Release|Any CPU
		{E9E914CB-2939-44F9-B43C-2F0F03D17D0E}.Release|Any CPU.Build.0 = Release|Any CPU
		{A50A69A0-BBB6-4CE3-B524-C8934E97E7E1}.Debug|Any CPU.ActiveCfg = Debug|Any CPU
		{A50A69A0-BBB6-4CE3-B524-C8934E97E7E1}.Debug|Any CPU.Build.0 = Debug|Any CPU
		{A50A69A0-BBB6-4CE3-B524-C8934E97E7E1}.Release|Any CPU.ActiveCfg = Release|Any CPU
		{A50A69A0-BBB6-4CE3-B524-C8934E97E7E1}.Release|Any CPU.Build.0 = Release|Any CPU
		{214167F9-AD82-45A1-8B6C-8A4446DFA039}.Debug|Any CPU.ActiveCfg = Debug|Any CPU
		{214167F9-AD82-45A1-8B6C-8A4446DFA039}.Debug|Any CPU.Build.0 = Debug|Any CPU
		{214167F9-AD82-45A1-8B6C-8A4446DFA039}.Release|Any CPU.ActiveCfg = Release|Any CPU
		{214167F9-AD82-45A1-8B6C-8A4446DFA039}.Release|Any CPU.Build.0 = Release|Any CPU
	EndGlobalSection
	GlobalSection(SolutionProperties) = preSolution
		HideSolutionNode = FALSE
	EndGlobalSection
	GlobalSection(NestedProjects) = preSolution
		{72873826-1ECF-4204-BA56-C3842399BB54} = {D627A65F-A75C-4278-ACA6-BF6A4405A54C}
		{04290B90-CB09-4C09-8F26-1BE6728ED3F7} = {D627A65F-A75C-4278-ACA6-BF6A4405A54C}
		{0577F056-6B2C-4CDA-B85B-4E47AA37DDB4} = {D627A65F-A75C-4278-ACA6-BF6A4405A54C}
		{4CC405EC-71DF-44CC-9C6E-991F51CDDBAF} = {58331D59-B069-4920-A078-D6C5375702C5}
		{74276BB8-A525-4440-B76B-8D7BAF01DD41} = {58331D59-B069-4920-A078-D6C5375702C5}
		{CF5B0DC2-371B-4373-A315-FC976DB86C8C} = {2E41FEAF-20F0-40F6-B9E2-3815E998EF88}
		{9717A466-E0FA-4093-9E25-A3199F33C2BA} = {FBFEDA64-234D-40B8-9353-6BF06128E5DB}
		{83FE85EF-EB13-4D47-9663-EC6C76641CE6} = {FBFEDA64-234D-40B8-9353-6BF06128E5DB}
		{44F493FC-AF88-45BB-A5C0-1E23EA5B6C8A} = {FBFEDA64-234D-40B8-9353-6BF06128E5DB}
		{FE2264AD-CA4B-42D3-9872-EB96C748A742} = {FBFEDA64-234D-40B8-9353-6BF06128E5DB}
		{E7E253DF-B125-41FE-9348-B9060792F5F7} = {04DB59D6-E7C3-4F3B-85E0-D1521006ADF8}
		{49C42605-DBF9-4E45-B8F3-56178D308651} = {04DB59D6-E7C3-4F3B-85E0-D1521006ADF8}
		{C8C02151-051A-49E7-830F-DF5A8F2EDBDE} = {FDF580EF-1682-459D-8F05-BEA9C2652E2E}
		{FDD53399-3C99-4681-A388-45B84C0F6959} = {FDF580EF-1682-459D-8F05-BEA9C2652E2E}
		{2BEFDA80-7083-4A2A-8092-6F7AE38A5675} = {762D4860-6D75-49D1-9397-6615A8F55603}
		{E9E914CB-2939-44F9-B43C-2F0F03D17D0E} = {E5A14798-FE93-4508-BEE7-2BE6869927A2}
		{A50A69A0-BBB6-4CE3-B524-C8934E97E7E1} = {E5A14798-FE93-4508-BEE7-2BE6869927A2}
		{214167F9-AD82-45A1-8B6C-8A4446DFA039} = {E5A14798-FE93-4508-BEE7-2BE6869927A2}
	EndGlobalSection
EndGlobal
